
Microsoft Visual Studio Solution File, Format Version 12.00
# Visual Studio 15
VisualStudioVersion = 15.0.27703.2000
MinimumVisualStudioVersion = 10.0.40219.1
Project("{FAE04EC0-301F-11D3-BF4B-00C04F79EFBC}") = "DailySendEmail", "DailySendEmail\DailySendEmail.csproj", "{42F7CBD7-061A-4FFA-ACAB-F7C7E602C506}"
EndProject
Global
	GlobalSection(SolutionConfigurationPlatforms) = preSolution
		Debug|Any CPU = Debug|Any CPU
		Debug|x64 = Debug|x64
		Release|Any CPU = Release|Any CPU
		Release|x64 = Release|x64
	EndGlobalSection
	GlobalSection(ProjectConfigurationPlatforms) = postSolution
		{42F7CBD7-061A-4FFA-ACAB-F7C7E602C506}.Debug|Any CPU.ActiveCfg = Debug|Any CPU
		{42F7CBD7-061A-4FFA-ACAB-F7C7E602C506}.Debug|Any CPU.Build.0 = Debug|Any CPU
		{42F7CBD7-061A-4FFA-ACAB-F7C7E602C506}.Debug|x64.ActiveCfg = Debug|x64
		{42F7CBD7-061A-4FFA-ACAB-F7C7E602C506}.Debug|x64.Build.0 = Debug|x64
		{42F7CBD7-061A-4FFA-ACAB-F7C7E602C506}.Release|Any CPU.ActiveCfg = Release|Any CPU
		{42F7CBD7-061A-4FFA-ACAB-F7C7E602C506}.Release|Any CPU.Build.0 = Release|Any CPU
		{42F7CBD7-061A-4FFA-ACAB-F7C7E602C506}.Release|x64.ActiveCfg = Release|x64
		{42F7CBD7-061A-4FFA-ACAB-F7C7E602C506}.Release|x64.Build.0 = Release|x64
	EndGlobalSection
	GlobalSection(SolutionProperties) = preSolution
		HideSolutionNode = FALSE
	EndGlobalSection
	GlobalSection(ExtensibilityGlobals) = postSolution
		SolutionGuid = {C2B99996-1D0A-48EA-824E-A582310CB3F9}
	EndGlobalSection
EndGlobal
